
Microsoft Visual Studio Solution File, Format Version 12.00
# Visual Studio Version 17
VisualStudioVersion = 17.13.35825.156
MinimumVisualStudioVersion = 10.0.40219.1
Project("{FAE04EC0-301F-11D3-BF4B-00C04F79EFBC}") = "Client", "Client\Client.csproj", "{AEC412CF-F173-4E27-9422-96ABA7542FAD}"
EndProject
Project("{FAE04EC0-301F-11D3-BF4B-00C04F79EFBC}") = "Server", "Server\Server.csproj", "{61281972-4803-4F8B-8AB7-164FACCEFAD7}"
EndProject
Project("{FAE04EC0-301F-11D3-BF4B-00C04F79EFBC}") = "Shared", "Shared\Shared.csproj", "{5113EAC5-FA33-4943-82AD-894C4A15A652}"
EndProject
Global
	GlobalSection(SolutionConfigurationPlatforms) = preSolution
		Debug|Any CPU = Debug|Any CPU
		Release|Any CPU = Release|Any CPU
	EndGlobalSection
	GlobalSection(ProjectConfigurationPlatforms) = postSolution
		{AEC412CF-F173-4E27-9422-96ABA7542FAD}.Debug|Any CPU.ActiveCfg = Debug|Any CPU
		{AEC412CF-F173-4E27-9422-96ABA7542FAD}.Debug|Any CPU.Build.0 = Debug|Any CPU
		{AEC412CF-F173-4E27-9422-96ABA7542FAD}.Release|Any CPU.ActiveCfg = Release|Any CPU
		{AEC412CF-F173-4E27-9422-96ABA7542FAD}.Release|Any CPU.Build.0 = Release|Any CPU
		{61281972-4803-4F8B-8AB7-164FACCEFAD7}.Debug|Any CPU.ActiveCfg = Debug|Any CPU
		{61281972-4803-4F8B-8AB7-164FACCEFAD7}.Debug|Any CPU.Build.0 = Debug|Any CPU
		{61281972-4803-4F8B-8AB7-164FACCEFAD7}.Release|Any CPU.ActiveCfg = Release|Any CPU
		{61281972-4803-4F8B-8AB7-164FACCEFAD7}.Release|Any CPU.Build.0 = Release|Any CPU
		{5113EAC5-FA33-4943-82AD-894C4A15A652}.Debug|Any CPU.ActiveCfg = Debug|Any CPU
		{5113EAC5-FA33-4943-82AD-894C4A15A652}.Debug|Any CPU.Build.0 = Debug|Any CPU
		{5113EAC5-FA33-4943-82AD-894C4A15A652}.Release|Any CPU.ActiveCfg = Release|Any CPU
		{5113EAC5-FA33-4943-82AD-894C4A15A652}.Release|Any CPU.Build.0 = Release|Any CPU
	EndGlobalSection
	GlobalSection(SolutionProperties) = preSolution
		HideSolutionNode = FALSE
	EndGlobalSection
	GlobalSection(ExtensibilityGlobals) = postSolution
		SolutionGuid = {99C61448-807D-42AB-93DB-04BD06FD0AA0}
	EndGlobalSection
EndGlobal
